
Microsoft Visual Studio Solution File, Format Version 12.00
# Visual Studio Version 16
VisualStudioVersion = 16.0.31729.503
MinimumVisualStudioVersion = 10.0.40219.1
Project("{2150E333-8FDC-42A3-9474-1A3956D46DE8}") = "Frontend", "Frontend", "{5B30A4D4-37E6-4C5D-A764-33C454149C2F}"
EndProject
Project("{FAE04EC0-301F-11D3-BF4B-00C04F79EFBC}") = "Mango.Web", "Mango.Web\Mango.Web.csproj", "{8936AA71-9AA8-4D15-B3FE-9862C592D07B}"
EndProject
Project("{2150E333-8FDC-42A3-9474-1A3956D46DE8}") = "Services", "Services", "{94C2949E-6B9A-4F38-925F-53E01AB7A22E}"
EndProject
Project("{FAE04EC0-301F-11D3-BF4B-00C04F79EFBC}") = "Mango.Services.ProductAPI", "Mango.Services.ProductAPI\Mango.Services.ProductAPI.csproj", "{C9C085D1-B18B-48F5-85B0-CFD176B1667E}"
EndProject
Global
	GlobalSection(SolutionConfigurationPlatforms) = preSolution
		Debug|Any CPU = Debug|Any CPU
		Release|Any CPU = Release|Any CPU
	EndGlobalSection
	GlobalSection(ProjectConfigurationPlatforms) = postSolution
		{8936AA71-9AA8-4D15-B3FE-9862C592D07B}.Debug|Any CPU.ActiveCfg = Debug|Any CPU
		{8936AA71-9AA8-4D15-B3FE-9862C592D07B}.Debug|Any CPU.Build.0 = Debug|Any CPU
		{8936AA71-9AA8-4D15-B3FE-9862C592D07B}.Release|Any CPU.ActiveCfg = Release|Any CPU
		{8936AA71-9AA8-4D15-B3FE-9862C592D07B}.Release|Any CPU.Build.0 = Release|Any CPU
		{C9C085D1-B18B-48F5-85B0-CFD176B1667E}.Debug|Any CPU.ActiveCfg = Debug|Any CPU
		{C9C085D1-B18B-48F5-85B0-CFD176B1667E}.Debug|Any CPU.Build.0 = Debug|Any CPU
		{C9C085D1-B18B-48F5-85B0-CFD176B1667E}.Release|Any CPU.ActiveCfg = Release|Any CPU
		{C9C085D1-B18B-48F5-85B0-CFD176B1667E}.Release|Any CPU.Build.0 = Release|Any CPU
	EndGlobalSection
	GlobalSection(SolutionProperties) = preSolution
		HideSolutionNode = FALSE
	EndGlobalSection
	GlobalSection(NestedProjects) = preSolution
		{8936AA71-9AA8-4D15-B3FE-9862C592D07B} = {5B30A4D4-37E6-4C5D-A764-33C454149C2F}
		{C9C085D1-B18B-48F5-85B0-CFD176B1667E} = {94C2949E-6B9A-4F38-925F-53E01AB7A22E}
	EndGlobalSection
	GlobalSection(ExtensibilityGlobals) = postSolution
		SolutionGuid = {EDC20FFB-0F12-400F-861A-BD658FAB18EE}
	EndGlobalSection
EndGlobal
